// !$*UTF8*$!
{
	archiveVersion = 1;
	classes = {
	};
	objectVersion = 51;
	objects = {

/* Begin PBXBuildFile section */
		B5AAF09824183EBA0034645A /* AppDelegate.swift in Sources */ = {isa = PBXBuildFile; fileRef = B5AAF09724183EBA0034645A /* AppDelegate.swift */; };
		B5AAF0A124183EBB0034645A /* Assets.xcassets in Resources */ = {isa = PBXBuildFile; fileRef = B5AAF0A024183EBB0034645A /* Assets.xcassets */; };
		B5AAF0A424183EBB0034645A /* LaunchScreen.storyboard in Resources */ = {isa = PBXBuildFile; fileRef = B5AAF0A224183EBB0034645A /* LaunchScreen.storyboard */; };
		B5AAF0AF24183EBB0034645A /* WestpacTests.swift in Sources */ = {isa = PBXBuildFile; fileRef = B5AAF0AE24183EBB0034645A /* WestpacTests.swift */; };
		B5AAF0BA24183EBB0034645A /* WestpacUITests.swift in Sources */ = {isa = PBXBuildFile; fileRef = B5AAF0B924183EBB0034645A /* WestpacUITests.swift */; };
		B5AAF11D241855ED0034645A /* Currency.swift in Sources */ = {isa = PBXBuildFile; fileRef = B5AAF118241855ED0034645A /* Currency.swift */; };
		B5AAF11E241855ED0034645A /* KeyedDecodingContainer.swift in Sources */ = {isa = PBXBuildFile; fileRef = B5AAF11A241855ED0034645A /* KeyedDecodingContainer.swift */; };
		B5AAF11F241855ED0034645A /* String.swift in Sources */ = {isa = PBXBuildFile; fileRef = B5AAF11B241855ED0034645A /* String.swift */; };
		B5AAF120241855ED0034645A /* DateFormatter.swift in Sources */ = {isa = PBXBuildFile; fileRef = B5AAF11C241855ED0034645A /* DateFormatter.swift */; };
		B5AAF1212418564A0034645A /* libCurrency.a in Frameworks */ = {isa = PBXBuildFile; fileRef = B5AAF110241855C40034645A /* libCurrency.a */; };
		B5AAF12424185AAB0034645A /* DispatchQueue.swift in Sources */ = {isa = PBXBuildFile; fileRef = B5AAF12324185AAB0034645A /* DispatchQueue.swift */; };
		B5AAF12624185BD50034645A /* HttpClient.swift in Sources */ = {isa = PBXBuildFile; fileRef = B5AAF12524185BD50034645A /* HttpClient.swift */; };
		B5AAF12824185BE60034645A /* HttpError.swift in Sources */ = {isa = PBXBuildFile; fileRef = B5AAF12724185BE60034645A /* HttpError.swift */; };
		B5AAF12A24185D380034645A /* URLSession.swift in Sources */ = {isa = PBXBuildFile; fileRef = B5AAF12924185D380034645A /* URLSession.swift */; };
		B5AAF12C241862270034645A /* CurrencyClient.swift in Sources */ = {isa = PBXBuildFile; fileRef = B5AAF12B241862270034645A /* CurrencyClient.swift */; };
		B5AAF13224186CB20034645A /* CircularStd-Book.otf in Resources */ = {isa = PBXBuildFile; fileRef = B5AAF12E24186CB20034645A /* CircularStd-Book.otf */; };
		B5AAF13324186CB20034645A /* CircularStd-Black.otf in Resources */ = {isa = PBXBuildFile; fileRef = B5AAF12F24186CB20034645A /* CircularStd-Black.otf */; };
		B5AAF13424186CB20034645A /* CircularStd-Bold.otf in Resources */ = {isa = PBXBuildFile; fileRef = B5AAF13024186CB20034645A /* CircularStd-Bold.otf */; };
		B5AAF13524186CB20034645A /* CircularStd-Medium.otf in Resources */ = {isa = PBXBuildFile; fileRef = B5AAF13124186CB20034645A /* CircularStd-Medium.otf */; };
		B5DDFDBD24187ACD007AD04B /* CurrencyCell.xib in Resources */ = {isa = PBXBuildFile; fileRef = B5DDFDBB24187ACD007AD04B /* CurrencyCell.xib */; };
		B5DDFDBE24187ACD007AD04B /* CurrencyCell.swift in Sources */ = {isa = PBXBuildFile; fileRef = B5DDFDBC24187ACD007AD04B /* CurrencyCell.swift */; };
		B5DDFDC424187AD8007AD04B /* UIView.swift in Sources */ = {isa = PBXBuildFile; fileRef = B5DDFDC024187AD8007AD04B /* UIView.swift */; };
		B5DDFDC724187AD8007AD04B /* UIFont.swift in Sources */ = {isa = PBXBuildFile; fileRef = B5DDFDC324187AD8007AD04B /* UIFont.swift */; };
		B5DDFDC924187AEF007AD04B /* Theme.swift in Sources */ = {isa = PBXBuildFile; fileRef = B5DDFDC824187AEF007AD04B /* Theme.swift */; };
		BC58A7ACE63662ADB2BCD3DD /* Pods_Westpac_WestpacUITests.framework in Frameworks */ = {isa = PBXBuildFile; fileRef = E509BE257C77F8222473D7D6 /* Pods_Westpac_WestpacUITests.framework */; };
		C3127815E25107BE22D26AFE /* Pods_Westpac.framework in Frameworks */ = {isa = PBXBuildFile; fileRef = 68B45005C31FDB58F00ABCD7 /* Pods_Westpac.framework */; };
		D79F6CC4474D7068189D471A /* Pods_WestpacTests.framework in Frameworks */ = {isa = PBXBuildFile; fileRef = 2874AFEC54BEE2E668D117D9 /* Pods_WestpacTests.framework */; };
		F4A8226E0306280C2124E785 /* Pods_Currency.framework in Frameworks */ = {isa = PBXBuildFile; fileRef = AD516A92C848C06450E36323 /* Pods_Currency.framework */; };
/* End PBXBuildFile section */

/* Begin PBXContainerItemProxy section */
		B5AAF0AB24183EBB0034645A /* PBXContainerItemProxy */ = {
			isa = PBXContainerItemProxy;
			containerPortal = B5AAF08C24183EBA0034645A /* Project object */;
			proxyType = 1;
			remoteGlobalIDString = B5AAF09324183EBA0034645A;
			remoteInfo = Westpac;
		};
		B5AAF0B624183EBB0034645A /* PBXContainerItemProxy */ = {
			isa = PBXContainerItemProxy;
			containerPortal = B5AAF08C24183EBA0034645A /* Project object */;
			proxyType = 1;
			remoteGlobalIDString = B5AAF09324183EBA0034645A;
			remoteInfo = Westpac;
		};
/* End PBXContainerItemProxy section */

/* Begin PBXCopyFilesBuildPhase section */
		B5AAF10E241855C40034645A /* CopyFiles */ = {
			isa = PBXCopyFilesBuildPhase;
			buildActionMask = 2147483647;
			dstPath = "include/$(PRODUCT_NAME)";
			dstSubfolderSpec = 16;
			files = (
			);
			runOnlyForDeploymentPostprocessing = 0;
		};
/* End PBXCopyFilesBuildPhase section */

/* Begin PBXFileReference section */
		024132E2AC29B3CF409E6581 /* Pods-WestpacTests.debug.xcconfig */ = {isa = PBXFileReference; includeInIndex = 1; lastKnownFileType = text.xcconfig; name = "Pods-WestpacTests.debug.xcconfig"; path = "Target Support Files/Pods-WestpacTests/Pods-WestpacTests.debug.xcconfig"; sourceTree = "<group>"; };
		2874AFEC54BEE2E668D117D9 /* Pods_WestpacTests.framework */ = {isa = PBXFileReference; explicitFileType = wrapper.framework; includeInIndex = 0; path = Pods_WestpacTests.framework; sourceTree = BUILT_PRODUCTS_DIR; };
		55C8CE30AD97941AA29D747A /* Pods-Westpac.debug.xcconfig */ = {isa = PBXFileReference; includeInIndex = 1; lastKnownFileType = text.xcconfig; name = "Pods-Westpac.debug.xcconfig"; path = "Target Support Files/Pods-Westpac/Pods-Westpac.debug.xcconfig"; sourceTree = "<group>"; };
		5BE75B58ED2C5797751AE40F /* Pods-Westpac-WestpacUITests.debug.xcconfig */ = {isa = PBXFileReference; includeInIndex = 1; lastKnownFileType = text.xcconfig; name = "Pods-Westpac-WestpacUITests.debug.xcconfig"; path = "Target Support Files/Pods-Westpac-WestpacUITests/Pods-Westpac-WestpacUITests.debug.xcconfig"; sourceTree = "<group>"; };
		5D3831AB075AE76A1EE0CFAE /* Pods-Westpac-WestpacUITests.release.xcconfig */ = {isa = PBXFileReference; includeInIndex = 1; lastKnownFileType = text.xcconfig; name = "Pods-Westpac-WestpacUITests.release.xcconfig"; path = "Target Support Files/Pods-Westpac-WestpacUITests/Pods-Westpac-WestpacUITests.release.xcconfig"; sourceTree = "<group>"; };
		68B45005C31FDB58F00ABCD7 /* Pods_Westpac.framework */ = {isa = PBXFileReference; explicitFileType = wrapper.framework; includeInIndex = 0; path = Pods_Westpac.framework; sourceTree = BUILT_PRODUCTS_DIR; };
		A223212F0A5E1CB3D7A5D9EB /* Pods-Currency.debug.xcconfig */ = {isa = PBXFileReference; includeInIndex = 1; lastKnownFileType = text.xcconfig; name = "Pods-Currency.debug.xcconfig"; path = "Target Support Files/Pods-Currency/Pods-Currency.debug.xcconfig"; sourceTree = "<group>"; };
		A3A168D09E415700588052EB /* Pods-WestpacTests.release.xcconfig */ = {isa = PBXFileReference; includeInIndex = 1; lastKnownFileType = text.xcconfig; name = "Pods-WestpacTests.release.xcconfig"; path = "Target Support Files/Pods-WestpacTests/Pods-WestpacTests.release.xcconfig"; sourceTree = "<group>"; };
		A88ED1698BE4FA6F729708EF /* Pods-Currency.release.xcconfig */ = {isa = PBXFileReference; includeInIndex = 1; lastKnownFileType = text.xcconfig; name = "Pods-Currency.release.xcconfig"; path = "Target Support Files/Pods-Currency/Pods-Currency.release.xcconfig"; sourceTree = "<group>"; };
		AD516A92C848C06450E36323 /* Pods_Currency.framework */ = {isa = PBXFileReference; explicitFileType = wrapper.framework; includeInIndex = 0; path = Pods_Currency.framework; sourceTree = BUILT_PRODUCTS_DIR; };
		B5AAF09424183EBA0034645A /* Westpac.app */ = {isa = PBXFileReference; explicitFileType = wrapper.application; includeInIndex = 0; path = Westpac.app; sourceTree = BUILT_PRODUCTS_DIR; };
		B5AAF09724183EBA0034645A /* AppDelegate.swift */ = {isa = PBXFileReference; lastKnownFileType = sourcecode.swift; path = AppDelegate.swift; sourceTree = "<group>"; };
		B5AAF0A024183EBB0034645A /* Assets.xcassets */ = {isa = PBXFileReference; lastKnownFileType = folder.assetcatalog; path = Assets.xcassets; sourceTree = "<group>"; };
		B5AAF0A324183EBB0034645A /* Base */ = {isa = PBXFileReference; lastKnownFileType = file.storyboard; name = Base; path = Base.lproj/LaunchScreen.storyboard; sourceTree = "<group>"; };
		B5AAF0A524183EBB0034645A /* Info.plist */ = {isa = PBXFileReference; lastKnownFileType = text.plist.xml; path = Info.plist; sourceTree = "<group>"; };
		B5AAF0AA24183EBB0034645A /* WestpacTests.xctest */ = {isa = PBXFileReference; explicitFileType = wrapper.cfbundle; includeInIndex = 0; path = WestpacTests.xctest; sourceTree = BUILT_PRODUCTS_DIR; };
		B5AAF0AE24183EBB0034645A /* WestpacTests.swift */ = {isa = PBXFileReference; lastKnownFileType = sourcecode.swift; path = WestpacTests.swift; sourceTree = "<group>"; };
		B5AAF0B024183EBB0034645A /* Info.plist */ = {isa = PBXFileReference; lastKnownFileType = text.plist.xml; path = Info.plist; sourceTree = "<group>"; };
		B5AAF0B524183EBB0034645A /* WestpacUITests.xctest */ = {isa = PBXFileReference; explicitFileType = wrapper.cfbundle; includeInIndex = 0; path = WestpacUITests.xctest; sourceTree = BUILT_PRODUCTS_DIR; };
		B5AAF0B924183EBB0034645A /* WestpacUITests.swift */ = {isa = PBXFileReference; lastKnownFileType = sourcecode.swift; path = WestpacUITests.swift; sourceTree = "<group>"; };
		B5AAF0BB24183EBB0034645A /* Info.plist */ = {isa = PBXFileReference; lastKnownFileType = text.plist.xml; path = Info.plist; sourceTree = "<group>"; };
		B5AAF110241855C40034645A /* libCurrency.a */ = {isa = PBXFileReference; explicitFileType = archive.ar; includeInIndex = 0; path = libCurrency.a; sourceTree = BUILT_PRODUCTS_DIR; };
		B5AAF118241855ED0034645A /* Currency.swift */ = {isa = PBXFileReference; fileEncoding = 4; lastKnownFileType = sourcecode.swift; path = Currency.swift; sourceTree = "<group>"; };
		B5AAF11A241855ED0034645A /* KeyedDecodingContainer.swift */ = {isa = PBXFileReference; fileEncoding = 4; lastKnownFileType = sourcecode.swift; path = KeyedDecodingContainer.swift; sourceTree = "<group>"; };
		B5AAF11B241855ED0034645A /* String.swift */ = {isa = PBXFileReference; fileEncoding = 4; lastKnownFileType = sourcecode.swift; path = String.swift; sourceTree = "<group>"; };
		B5AAF11C241855ED0034645A /* DateFormatter.swift */ = {isa = PBXFileReference; fileEncoding = 4; lastKnownFileType = sourcecode.swift; path = DateFormatter.swift; sourceTree = "<group>"; };
		B5AAF12324185AAB0034645A /* DispatchQueue.swift */ = {isa = PBXFileReference; lastKnownFileType = sourcecode.swift; path = DispatchQueue.swift; sourceTree = "<group>"; };
		B5AAF12524185BD50034645A /* HttpClient.swift */ = {isa = PBXFileReference; lastKnownFileType = sourcecode.swift; path = HttpClient.swift; sourceTree = "<group>"; };
		B5AAF12724185BE60034645A /* HttpError.swift */ = {isa = PBXFileReference; lastKnownFileType = sourcecode.swift; path = HttpError.swift; sourceTree = "<group>"; };
		B5AAF12924185D380034645A /* URLSession.swift */ = {isa = PBXFileReference; lastKnownFileType = sourcecode.swift; path = URLSession.swift; sourceTree = "<group>"; };
		B5AAF12B241862270034645A /* CurrencyClient.swift */ = {isa = PBXFileReference; lastKnownFileType = sourcecode.swift; path = CurrencyClient.swift; sourceTree = "<group>"; };
		B5AAF12E24186CB20034645A /* CircularStd-Book.otf */ = {isa = PBXFileReference; lastKnownFileType = file; path = "CircularStd-Book.otf"; sourceTree = "<group>"; };
		B5AAF12F24186CB20034645A /* CircularStd-Black.otf */ = {isa = PBXFileReference; lastKnownFileType = file; path = "CircularStd-Black.otf"; sourceTree = "<group>"; };
		B5AAF13024186CB20034645A /* CircularStd-Bold.otf */ = {isa = PBXFileReference; lastKnownFileType = file; path = "CircularStd-Bold.otf"; sourceTree = "<group>"; };
		B5AAF13124186CB20034645A /* CircularStd-Medium.otf */ = {isa = PBXFileReference; lastKnownFileType = file; path = "CircularStd-Medium.otf"; sourceTree = "<group>"; };
		B5DDFDBB24187ACD007AD04B /* CurrencyCell.xib */ = {isa = PBXFileReference; fileEncoding = 4; lastKnownFileType = file.xib; path = CurrencyCell.xib; sourceTree = "<group>"; };
		B5DDFDBC24187ACD007AD04B /* CurrencyCell.swift */ = {isa = PBXFileReference; fileEncoding = 4; lastKnownFileType = sourcecode.swift; path = CurrencyCell.swift; sourceTree = "<group>"; };
		B5DDFDC024187AD8007AD04B /* UIView.swift */ = {isa = PBXFileReference; fileEncoding = 4; lastKnownFileType = sourcecode.swift; path = UIView.swift; sourceTree = "<group>"; };
		B5DDFDC324187AD8007AD04B /* UIFont.swift */ = {isa = PBXFileReference; fileEncoding = 4; lastKnownFileType = sourcecode.swift; path = UIFont.swift; sourceTree = "<group>"; };
		B5DDFDC824187AEF007AD04B /* Theme.swift */ = {isa = PBXFileReference; fileEncoding = 4; lastKnownFileType = sourcecode.swift; path = Theme.swift; sourceTree = "<group>"; };
		CF991A5B580BCEB71315D295 /* Pods-Westpac.release.xcconfig */ = {isa = PBXFileReference; includeInIndex = 1; lastKnownFileType = text.xcconfig; name = "Pods-Westpac.release.xcconfig"; path = "Target Support Files/Pods-Westpac/Pods-Westpac.release.xcconfig"; sourceTree = "<group>"; };
		E509BE257C77F8222473D7D6 /* Pods_Westpac_WestpacUITests.framework */ = {isa = PBXFileReference; explicitFileType = wrapper.framework; includeInIndex = 0; path = Pods_Westpac_WestpacUITests.framework; sourceTree = BUILT_PRODUCTS_DIR; };
/* End PBXFileReference section */

/* Begin PBXFrameworksBuildPhase section */
		B5AAF09124183EBA0034645A /* Frameworks */ = {
			isa = PBXFrameworksBuildPhase;
			buildActionMask = 2147483647;
			files = (
				B5AAF1212418564A0034645A /* libCurrency.a in Frameworks */,
				C3127815E25107BE22D26AFE /* Pods_Westpac.framework in Frameworks */,
			);
			runOnlyForDeploymentPostprocessing = 0;
		};
		B5AAF0A724183EBB0034645A /* Frameworks */ = {
			isa = PBXFrameworksBuildPhase;
			buildActionMask = 2147483647;
			files = (
				D79F6CC4474D7068189D471A /* Pods_WestpacTests.framework in Frameworks */,
			);
			runOnlyForDeploymentPostprocessing = 0;
		};
		B5AAF0B224183EBB0034645A /* Frameworks */ = {
			isa = PBXFrameworksBuildPhase;
			buildActionMask = 2147483647;
			files = (
				BC58A7ACE63662ADB2BCD3DD /* Pods_Westpac_WestpacUITests.framework in Frameworks */,
			);
			runOnlyForDeploymentPostprocessing = 0;
		};
		B5AAF10D241855C40034645A /* Frameworks */ = {
			isa = PBXFrameworksBuildPhase;
			buildActionMask = 2147483647;
			files = (
				F4A8226E0306280C2124E785 /* Pods_Currency.framework in Frameworks */,
			);
			runOnlyForDeploymentPostprocessing = 0;
		};
/* End PBXFrameworksBuildPhase section */

/* Begin PBXGroup section */
		24B3CF0D1DE8DB2428BD7448 /* Pods */ = {
			isa = PBXGroup;
			children = (
				55C8CE30AD97941AA29D747A /* Pods-Westpac.debug.xcconfig */,
				CF991A5B580BCEB71315D295 /* Pods-Westpac.release.xcconfig */,
				5BE75B58ED2C5797751AE40F /* Pods-Westpac-WestpacUITests.debug.xcconfig */,
				5D3831AB075AE76A1EE0CFAE /* Pods-Westpac-WestpacUITests.release.xcconfig */,
				024132E2AC29B3CF409E6581 /* Pods-WestpacTests.debug.xcconfig */,
				A3A168D09E415700588052EB /* Pods-WestpacTests.release.xcconfig */,
				A223212F0A5E1CB3D7A5D9EB /* Pods-Currency.debug.xcconfig */,
				A88ED1698BE4FA6F729708EF /* Pods-Currency.release.xcconfig */,
			);
			path = Pods;
			sourceTree = "<group>";
		};
		3FA41E7094F08FFC1F1DE40A /* Frameworks */ = {
			isa = PBXGroup;
			children = (
				68B45005C31FDB58F00ABCD7 /* Pods_Westpac.framework */,
				E509BE257C77F8222473D7D6 /* Pods_Westpac_WestpacUITests.framework */,
				2874AFEC54BEE2E668D117D9 /* Pods_WestpacTests.framework */,
				AD516A92C848C06450E36323 /* Pods_Currency.framework */,
			);
			name = Frameworks;
			sourceTree = "<group>";
		};
		B5AAF08B24183EBA0034645A = {
			isa = PBXGroup;
			children = (
				B5AAF111241855C40034645A /* Currency */,
				B5AAF09624183EBA0034645A /* Westpac */,
				B5AAF0AD24183EBB0034645A /* WestpacTests */,
				B5AAF0B824183EBB0034645A /* WestpacUITests */,
				B5AAF09524183EBA0034645A /* Products */,
				24B3CF0D1DE8DB2428BD7448 /* Pods */,
				3FA41E7094F08FFC1F1DE40A /* Frameworks */,
			);
			sourceTree = "<group>";
		};
		B5AAF09524183EBA0034645A /* Products */ = {
			isa = PBXGroup;
			children = (
				B5AAF09424183EBA0034645A /* Westpac.app */,
				B5AAF0AA24183EBB0034645A /* WestpacTests.xctest */,
				B5AAF0B524183EBB0034645A /* WestpacUITests.xctest */,
				B5AAF110241855C40034645A /* libCurrency.a */,
			);
			name = Products;
			sourceTree = "<group>";
		};
		B5AAF09624183EBA0034645A /* Westpac */ = {
			isa = PBXGroup;
			children = (
				B5DDFDC824187AEF007AD04B /* Theme.swift */,
				B5DDFDBA24187ACD007AD04B /* Cells */,
				B5DDFDBF24187AD8007AD04B /* Extensions */,
				B5AAF0C7241841970034645A /* Resources */,
				B5AAF09724183EBA0034645A /* AppDelegate.swift */,
				B5AAF0A224183EBB0034645A /* LaunchScreen.storyboard */,
				B5AAF0A524183EBB0034645A /* Info.plist */,
			);
			path = Westpac;
			sourceTree = "<group>";
		};
		B5AAF0AD24183EBB0034645A /* WestpacTests */ = {
			isa = PBXGroup;
			children = (
				B5AAF0AE24183EBB0034645A /* WestpacTests.swift */,
				B5AAF0B024183EBB0034645A /* Info.plist */,
			);
			path = WestpacTests;
			sourceTree = "<group>";
		};
		B5AAF0B824183EBB0034645A /* WestpacUITests */ = {
			isa = PBXGroup;
			children = (
				B5AAF0B924183EBB0034645A /* WestpacUITests.swift */,
				B5AAF0BB24183EBB0034645A /* Info.plist */,
			);
			path = WestpacUITests;
			sourceTree = "<group>";
		};
		B5AAF0C7241841970034645A /* Resources */ = {
			isa = PBXGroup;
			children = (
				B5AAF0A024183EBB0034645A /* Assets.xcassets */,
				B5AAF12D24186CB20034645A /* Fonts */,
			);
			path = Resources;
			sourceTree = "<group>";
		};
		B5AAF111241855C40034645A /* Currency */ = {
			isa = PBXGroup;
			children = (
				B5AAF1222418566D0034645A /* API */,
				B5AAF119241855ED0034645A /* Extensions */,
				B5AAF117241855ED0034645A /* Models */,
			);
			path = Currency;
			sourceTree = "<group>";
		};
		B5AAF117241855ED0034645A /* Models */ = {
			isa = PBXGroup;
			children = (
				B5AAF118241855ED0034645A /* Currency.swift */,
			);
			path = Models;
			sourceTree = "<group>";
		};
		B5AAF119241855ED0034645A /* Extensions */ = {
			isa = PBXGroup;
			children = (
				B5AAF11C241855ED0034645A /* DateFormatter.swift */,
				B5AAF12324185AAB0034645A /* DispatchQueue.swift */,
				B5AAF11A241855ED0034645A /* KeyedDecodingContainer.swift */,
				B5AAF11B241855ED0034645A /* String.swift */,
				B5AAF12924185D380034645A /* URLSession.swift */,
			);
			path = Extensions;
			sourceTree = "<group>";
		};
		B5AAF1222418566D0034645A /* API */ = {
			isa = PBXGroup;
			children = (
				B5AAF12B241862270034645A /* CurrencyClient.swift */,
				B5AAF12524185BD50034645A /* HttpClient.swift */,
				B5AAF12724185BE60034645A /* HttpError.swift */,
			);
			path = API;
			sourceTree = "<group>";
		};
		B5AAF12D24186CB20034645A /* Fonts */ = {
			isa = PBXGroup;
			children = (
				B5AAF12E24186CB20034645A /* CircularStd-Book.otf */,
				B5AAF12F24186CB20034645A /* CircularStd-Black.otf */,
				B5AAF13024186CB20034645A /* CircularStd-Bold.otf */,
				B5AAF13124186CB20034645A /* CircularStd-Medium.otf */,
			);
			path = Fonts;
			sourceTree = "<group>";
		};
		B5DDFDBA24187ACD007AD04B /* Cells */ = {
			isa = PBXGroup;
			children = (
				B5DDFDBB24187ACD007AD04B /* CurrencyCell.xib */,
				B5DDFDBC24187ACD007AD04B /* CurrencyCell.swift */,
			);
			path = Cells;
			sourceTree = "<group>";
		};
		B5DDFDBF24187AD8007AD04B /* Extensions */ = {
			isa = PBXGroup;
			children = (
				B5DDFDC024187AD8007AD04B /* UIView.swift */,
				B5DDFDC324187AD8007AD04B /* UIFont.swift */,
			);
			path = Extensions;
			sourceTree = "<group>";
		};
/* End PBXGroup section */

/* Begin PBXNativeTarget section */
		B5AAF09324183EBA0034645A /* Westpac */ = {
			isa = PBXNativeTarget;
			buildConfigurationList = B5AAF0BE24183EBB0034645A /* Build configuration list for PBXNativeTarget "Westpac" */;
			buildPhases = (
				BC317785436EFF4B496C18C7 /* [CP] Check Pods Manifest.lock */,
				B5AAF09024183EBA0034645A /* Sources */,
				B5AAF09124183EBA0034645A /* Frameworks */,
				B5AAF09224183EBA0034645A /* Resources */,
				8F58426E4A6C340AC3D15C4E /* [CP] Embed Pods Frameworks */,
			);
			buildRules = (
			);
			dependencies = (
			);
			name = Westpac;
			productName = Westpac;
			productReference = B5AAF09424183EBA0034645A /* Westpac.app */;
			productType = "com.apple.product-type.application";
		};
		B5AAF0A924183EBB0034645A /* WestpacTests */ = {
			isa = PBXNativeTarget;
			buildConfigurationList = B5AAF0C124183EBB0034645A /* Build configuration list for PBXNativeTarget "WestpacTests" */;
			buildPhases = (
				662703D8259BE36CE51BA733 /* [CP] Check Pods Manifest.lock */,
				B5AAF0A624183EBB0034645A /* Sources */,
				B5AAF0A724183EBB0034645A /* Frameworks */,
				B5AAF0A824183EBB0034645A /* Resources */,
			);
			buildRules = (
			);
			dependencies = (
				B5AAF0AC24183EBB0034645A /* PBXTargetDependency */,
			);
			name = WestpacTests;
			productName = WestpacTests;
			productReference = B5AAF0AA24183EBB0034645A /* WestpacTests.xctest */;
			productType = "com.apple.product-type.bundle.unit-test";
		};
		B5AAF0B424183EBB0034645A /* WestpacUITests */ = {
			isa = PBXNativeTarget;
			buildConfigurationList = B5AAF0C424183EBB0034645A /* Build configuration list for PBXNativeTarget "WestpacUITests" */;
			buildPhases = (
				BD6FA84671076226D499F926 /* [CP] Check Pods Manifest.lock */,
				B5AAF0B124183EBB0034645A /* Sources */,
				B5AAF0B224183EBB0034645A /* Frameworks */,
				B5AAF0B324183EBB0034645A /* Resources */,
				253D51E0079331928322B1EC /* [CP] Embed Pods Frameworks */,
			);
			buildRules = (
			);
			dependencies = (
				B5AAF0B724183EBB0034645A /* PBXTargetDependency */,
			);
			name = WestpacUITests;
			productName = WestpacUITests;
			productReference = B5AAF0B524183EBB0034645A /* WestpacUITests.xctest */;
			productType = "com.apple.product-type.bundle.ui-testing";
		};
		B5AAF10F241855C40034645A /* Currency */ = {
			isa = PBXNativeTarget;
			buildConfigurationList = B5AAF114241855C40034645A /* Build configuration list for PBXNativeTarget "Currency" */;
			buildPhases = (
				1C6D78DD05ADE1CFDAB88CE3 /* [CP] Check Pods Manifest.lock */,
				B5AAF10C241855C40034645A /* Sources */,
				B5AAF10D241855C40034645A /* Frameworks */,
				B5AAF10E241855C40034645A /* CopyFiles */,
			);
			buildRules = (
			);
			dependencies = (
			);
			name = Currency;
			productName = Currency;
			productReference = B5AAF110241855C40034645A /* libCurrency.a */;
			productType = "com.apple.product-type.library.static";
		};
/* End PBXNativeTarget section */

/* Begin PBXProject section */
		B5AAF08C24183EBA0034645A /* Project object */ = {
			isa = PBXProject;
			attributes = {
				LastSwiftUpdateCheck = 1110;
				LastUpgradeCheck = 1110;
				ORGANIZATIONNAME = "Jay Salvador";
				TargetAttributes = {
					B5AAF09324183EBA0034645A = {
						CreatedOnToolsVersion = 11.1;
					};
					B5AAF0A924183EBB0034645A = {
						CreatedOnToolsVersion = 11.1;
						TestTargetID = B5AAF09324183EBA0034645A;
					};
					B5AAF0B424183EBB0034645A = {
						CreatedOnToolsVersion = 11.1;
						TestTargetID = B5AAF09324183EBA0034645A;
					};
					B5AAF10F241855C40034645A = {
						CreatedOnToolsVersion = 11.1;
					};
				};
			};
			buildConfigurationList = B5AAF08F24183EBA0034645A /* Build configuration list for PBXProject "Westpac" */;
			compatibilityVersion = "Xcode 9.3";
			developmentRegion = en;
			hasScannedForEncodings = 0;
			knownRegions = (
				en,
				Base,
			);
			mainGroup = B5AAF08B24183EBA0034645A;
			productRefGroup = B5AAF09524183EBA0034645A /* Products */;
			projectDirPath = "";
			projectRoot = "";
			targets = (
				B5AAF09324183EBA0034645A /* Westpac */,
				B5AAF0A924183EBB0034645A /* WestpacTests */,
				B5AAF0B424183EBB0034645A /* WestpacUITests */,
				B5AAF10F241855C40034645A /* Currency */,
			);
		};
/* End PBXProject section */

/* Begin PBXResourcesBuildPhase section */
		B5AAF09224183EBA0034645A /* Resources */ = {
			isa = PBXResourcesBuildPhase;
			buildActionMask = 2147483647;
			files = (
				B5AAF13424186CB20034645A /* CircularStd-Bold.otf in Resources */,
				B5AAF0A424183EBB0034645A /* LaunchScreen.storyboard in Resources */,
				B5AAF13224186CB20034645A /* CircularStd-Book.otf in Resources */,
				B5AAF13324186CB20034645A /* CircularStd-Black.otf in Resources */,
				B5AAF0A124183EBB0034645A /* Assets.xcassets in Resources */,
				B5AAF13524186CB20034645A /* CircularStd-Medium.otf in Resources */,
				B5DDFDBD24187ACD007AD04B /* CurrencyCell.xib in Resources */,
			);
			runOnlyForDeploymentPostprocessing = 0;
		};
		B5AAF0A824183EBB0034645A /* Resources */ = {
			isa = PBXResourcesBuildPhase;
			buildActionMask = 2147483647;
			files = (
			);
			runOnlyForDeploymentPostprocessing = 0;
		};
		B5AAF0B324183EBB0034645A /* Resources */ = {
			isa = PBXResourcesBuildPhase;
			buildActionMask = 2147483647;
			files = (
			);
			runOnlyForDeploymentPostprocessing = 0;
		};
/* End PBXResourcesBuildPhase section */

/* Begin PBXShellScriptBuildPhase section */
		1C6D78DD05ADE1CFDAB88CE3 /* [CP] Check Pods Manifest.lock */ = {
			isa = PBXShellScriptBuildPhase;
			buildActionMask = 2147483647;
			files = (
			);
			inputFileListPaths = (
			);
			inputPaths = (
				"${PODS_PODFILE_DIR_PATH}/Podfile.lock",
				"${PODS_ROOT}/Manifest.lock",
			);
			name = "[CP] Check Pods Manifest.lock";
			outputFileListPaths = (
			);
			outputPaths = (
				"$(DERIVED_FILE_DIR)/Pods-Currency-checkManifestLockResult.txt",
			);
			runOnlyForDeploymentPostprocessing = 0;
			shellPath = /bin/sh;
			shellScript = "diff \"${PODS_PODFILE_DIR_PATH}/Podfile.lock\" \"${PODS_ROOT}/Manifest.lock\" > /dev/null\nif [ $? != 0 ] ; then\n    # print error to STDERR\n    echo \"error: The sandbox is not in sync with the Podfile.lock. Run 'pod install' or update your CocoaPods installation.\" >&2\n    exit 1\nfi\n# This output is used by Xcode 'outputs' to avoid re-running this script phase.\necho \"SUCCESS\" > \"${SCRIPT_OUTPUT_FILE_0}\"\n";
			showEnvVarsInLog = 0;
		};
		253D51E0079331928322B1EC /* [CP] Embed Pods Frameworks */ = {
			isa = PBXShellScriptBuildPhase;
			buildActionMask = 2147483647;
			files = (
			);
			inputFileListPaths = (
				"${PODS_ROOT}/Target Support Files/Pods-Westpac-WestpacUITests/Pods-Westpac-WestpacUITests-frameworks-${CONFIGURATION}-input-files.xcfilelist",
			);
			name = "[CP] Embed Pods Frameworks";
			outputFileListPaths = (
				"${PODS_ROOT}/Target Support Files/Pods-Westpac-WestpacUITests/Pods-Westpac-WestpacUITests-frameworks-${CONFIGURATION}-output-files.xcfilelist",
			);
			runOnlyForDeploymentPostprocessing = 0;
			shellPath = /bin/sh;
			shellScript = "\"${PODS_ROOT}/Target Support Files/Pods-Westpac-WestpacUITests/Pods-Westpac-WestpacUITests-frameworks.sh\"\n";
			showEnvVarsInLog = 0;
		};
		662703D8259BE36CE51BA733 /* [CP] Check Pods Manifest.lock */ = {
			isa = PBXShellScriptBuildPhase;
			buildActionMask = 2147483647;
			files = (
			);
			inputFileListPaths = (
			);
			inputPaths = (
				"${PODS_PODFILE_DIR_PATH}/Podfile.lock",
				"${PODS_ROOT}/Manifest.lock",
			);
			name = "[CP] Check Pods Manifest.lock";
			outputFileListPaths = (
			);
			outputPaths = (
				"$(DERIVED_FILE_DIR)/Pods-WestpacTests-checkManifestLockResult.txt",
			);
			runOnlyForDeploymentPostprocessing = 0;
			shellPath = /bin/sh;
			shellScript = "diff \"${PODS_PODFILE_DIR_PATH}/Podfile.lock\" \"${PODS_ROOT}/Manifest.lock\" > /dev/null\nif [ $? != 0 ] ; then\n    # print error to STDERR\n    echo \"error: The sandbox is not in sync with the Podfile.lock. Run 'pod install' or update your CocoaPods installation.\" >&2\n    exit 1\nfi\n# This output is used by Xcode 'outputs' to avoid re-running this script phase.\necho \"SUCCESS\" > \"${SCRIPT_OUTPUT_FILE_0}\"\n";
			showEnvVarsInLog = 0;
		};
		8F58426E4A6C340AC3D15C4E /* [CP] Embed Pods Frameworks */ = {
			isa = PBXShellScriptBuildPhase;
			buildActionMask = 2147483647;
			files = (
			);
			inputFileListPaths = (
				"${PODS_ROOT}/Target Support Files/Pods-Westpac/Pods-Westpac-frameworks-${CONFIGURATION}-input-files.xcfilelist",
			);
			name = "[CP] Embed Pods Frameworks";
			outputFileListPaths = (
				"${PODS_ROOT}/Target Support Files/Pods-Westpac/Pods-Westpac-frameworks-${CONFIGURATION}-output-files.xcfilelist",
			);
			runOnlyForDeploymentPostprocessing = 0;
			shellPath = /bin/sh;
			shellScript = "\"${PODS_ROOT}/Target Support Files/Pods-Westpac/Pods-Westpac-frameworks.sh\"\n";
			showEnvVarsInLog = 0;
		};
		BC317785436EFF4B496C18C7 /* [CP] Check Pods Manifest.lock */ = {
			isa = PBXShellScriptBuildPhase;
			buildActionMask = 2147483647;
			files = (
			);
			inputFileListPaths = (
			);
			inputPaths = (
				"${PODS_PODFILE_DIR_PATH}/Podfile.lock",
				"${PODS_ROOT}/Manifest.lock",
			);
			name = "[CP] Check Pods Manifest.lock";
			outputFileListPaths = (
			);
			outputPaths = (
				"$(DERIVED_FILE_DIR)/Pods-Westpac-checkManifestLockResult.txt",
			);
			runOnlyForDeploymentPostprocessing = 0;
			shellPath = /bin/sh;
			shellScript = "diff \"${PODS_PODFILE_DIR_PATH}/Podfile.lock\" \"${PODS_ROOT}/Manifest.lock\" > /dev/null\nif [ $? != 0 ] ; then\n    # print error to STDERR\n    echo \"error: The sandbox is not in sync with the Podfile.lock. Run 'pod install' or update your CocoaPods installation.\" >&2\n    exit 1\nfi\n# This output is used by Xcode 'outputs' to avoid re-running this script phase.\necho \"SUCCESS\" > \"${SCRIPT_OUTPUT_FILE_0}\"\n";
			showEnvVarsInLog = 0;
		};
		BD6FA84671076226D499F926 /* [CP] Check Pods Manifest.lock */ = {
			isa = PBXShellScriptBuildPhase;
			buildActionMask = 2147483647;
			files = (
			);
			inputFileListPaths = (
			);
			inputPaths = (
				"${PODS_PODFILE_DIR_PATH}/Podfile.lock",
				"${PODS_ROOT}/Manifest.lock",
			);
			name = "[CP] Check Pods Manifest.lock";
			outputFileListPaths = (
			);
			outputPaths = (
				"$(DERIVED_FILE_DIR)/Pods-Westpac-WestpacUITests-checkManifestLockResult.txt",
			);
			runOnlyForDeploymentPostprocessing = 0;
			shellPath = /bin/sh;
			shellScript = "diff \"${PODS_PODFILE_DIR_PATH}/Podfile.lock\" \"${PODS_ROOT}/Manifest.lock\" > /dev/null\nif [ $? != 0 ] ; then\n    # print error to STDERR\n    echo \"error: The sandbox is not in sync with the Podfile.lock. Run 'pod install' or update your CocoaPods installation.\" >&2\n    exit 1\nfi\n# This output is used by Xcode 'outputs' to avoid re-running this script phase.\necho \"SUCCESS\" > \"${SCRIPT_OUTPUT_FILE_0}\"\n";
			showEnvVarsInLog = 0;
		};
/* End PBXShellScriptBuildPhase section */

/* Begin PBXSourcesBuildPhase section */
		B5AAF09024183EBA0034645A /* Sources */ = {
			isa = PBXSourcesBuildPhase;
			buildActionMask = 2147483647;
			files = (
				B5DDFDBE24187ACD007AD04B /* CurrencyCell.swift in Sources */,
				B5DDFDC724187AD8007AD04B /* UIFont.swift in Sources */,
				B5DDFDC924187AEF007AD04B /* Theme.swift in Sources */,
				B5DDFDC424187AD8007AD04B /* UIView.swift in Sources */,
				B5AAF09824183EBA0034645A /* AppDelegate.swift in Sources */,
			);
			runOnlyForDeploymentPostprocessing = 0;
		};
		B5AAF0A624183EBB0034645A /* Sources */ = {
			isa = PBXSourcesBuildPhase;
			buildActionMask = 2147483647;
			files = (
				B5AAF0AF24183EBB0034645A /* WestpacTests.swift in Sources */,
			);
			runOnlyForDeploymentPostprocessing = 0;
		};
		B5AAF0B124183EBB0034645A /* Sources */ = {
			isa = PBXSourcesBuildPhase;
			buildActionMask = 2147483647;
			files = (
				B5AAF0BA24183EBB0034645A /* WestpacUITests.swift in Sources */,
			);
			runOnlyForDeploymentPostprocessing = 0;
		};
		B5AAF10C241855C40034645A /* Sources */ = {
			isa = PBXSourcesBuildPhase;
			buildActionMask = 2147483647;
			files = (
				B5AAF120241855ED0034645A /* DateFormatter.swift in Sources */,
				B5AAF12824185BE60034645A /* HttpError.swift in Sources */,
				B5AAF12A24185D380034645A /* URLSession.swift in Sources */,
				B5AAF12C241862270034645A /* CurrencyClient.swift in Sources */,
				B5AAF11F241855ED0034645A /* String.swift in Sources */,
				B5AAF11D241855ED0034645A /* Currency.swift in Sources */,
				B5AAF12424185AAB0034645A /* DispatchQueue.swift in Sources */,
				B5AAF12624185BD50034645A /* HttpClient.swift in Sources */,
				B5AAF11E241855ED0034645A /* KeyedDecodingContainer.swift in Sources */,
			);
			runOnlyForDeploymentPostprocessing = 0;
		};
/* End PBXSourcesBuildPhase section */

/* Begin PBXTargetDependency section */
		B5AAF0AC24183EBB0034645A /* PBXTargetDependency */ = {
			isa = PBXTargetDependency;
			target = B5AAF09324183EBA0034645A /* Westpac */;
			targetProxy = B5AAF0AB24183EBB0034645A /* PBXContainerItemProxy */;
		};
		B5AAF0B724183EBB0034645A /* PBXTargetDependency */ = {
			isa = PBXTargetDependency;
			target = B5AAF09324183EBA0034645A /* Westpac */;
			targetProxy = B5AAF0B624183EBB0034645A /* PBXContainerItemProxy */;
		};
/* End PBXTargetDependency section */

/* Begin PBXVariantGroup section */
		B5AAF0A224183EBB0034645A /* LaunchScreen.storyboard */ = {
			isa = PBXVariantGroup;
			children = (
				B5AAF0A324183EBB0034645A /* Base */,
			);
			name = LaunchScreen.storyboard;
			sourceTree = "<group>";
		};
/* End PBXVariantGroup section */

/* Begin XCBuildConfiguration section */
		B5AAF0BC24183EBB0034645A /* Debug */ = {
			isa = XCBuildConfiguration;
			buildSettings = {
				ALWAYS_SEARCH_USER_PATHS = NO;
				CLANG_ANALYZER_NONNULL = YES;
				CLANG_ANALYZER_NUMBER_OBJECT_CONVERSION = YES_AGGRESSIVE;
				CLANG_CXX_LANGUAGE_STANDARD = "gnu++14";
				CLANG_CXX_LIBRARY = "libc++";
				CLANG_ENABLE_MODULES = YES;
				CLANG_ENABLE_OBJC_ARC = YES;
				CLANG_ENABLE_OBJC_WEAK = YES;
				CLANG_WARN_BLOCK_CAPTURE_AUTORELEASING = YES;
				CLANG_WARN_BOOL_CONVERSION = YES;
				CLANG_WARN_COMMA = YES;
				CLANG_WARN_CONSTANT_CONVERSION = YES;
				CLANG_WARN_DEPRECATED_OBJC_IMPLEMENTATIONS = YES;
				CLANG_WARN_DIRECT_OBJC_ISA_USAGE = YES_ERROR;
				CLANG_WARN_DOCUMENTATION_COMMENTS = YES;
				CLANG_WARN_EMPTY_BODY = YES;
				CLANG_WARN_ENUM_CONVERSION = YES;
				CLANG_WARN_INFINITE_RECURSION = YES;
				CLANG_WARN_INT_CONVERSION = YES;
				CLANG_WARN_NON_LITERAL_NULL_CONVERSION = YES;
				CLANG_WARN_OBJC_IMPLICIT_RETAIN_SELF = YES;
				CLANG_WARN_OBJC_LITERAL_CONVERSION = YES;
				CLANG_WARN_OBJC_ROOT_CLASS = YES_ERROR;
				CLANG_WARN_RANGE_LOOP_ANALYSIS = YES;
				CLANG_WARN_STRICT_PROTOTYPES = YES;
				CLANG_WARN_SUSPICIOUS_MOVE = YES;
				CLANG_WARN_UNGUARDED_AVAILABILITY = YES_AGGRESSIVE;
				CLANG_WARN_UNREACHABLE_CODE = YES;
				CLANG_WARN__DUPLICATE_METHOD_MATCH = YES;
				COPY_PHASE_STRIP = NO;
				DEBUG_INFORMATION_FORMAT = dwarf;
				ENABLE_STRICT_OBJC_MSGSEND = YES;
				ENABLE_TESTABILITY = YES;
				GCC_C_LANGUAGE_STANDARD = gnu11;
				GCC_DYNAMIC_NO_PIC = NO;
				GCC_NO_COMMON_BLOCKS = YES;
				GCC_OPTIMIZATION_LEVEL = 0;
				GCC_PREPROCESSOR_DEFINITIONS = (
					"DEBUG=1",
					"$(inherited)",
				);
				GCC_WARN_64_TO_32_BIT_CONVERSION = YES;
				GCC_WARN_ABOUT_RETURN_TYPE = YES_ERROR;
				GCC_WARN_UNDECLARED_SELECTOR = YES;
				GCC_WARN_UNINITIALIZED_AUTOS = YES_AGGRESSIVE;
				GCC_WARN_UNUSED_FUNCTION = YES;
				GCC_WARN_UNUSED_VARIABLE = YES;
				IPHONEOS_DEPLOYMENT_TARGET = 13.1;
				MTL_ENABLE_DEBUG_INFO = INCLUDE_SOURCE;
				MTL_FAST_MATH = YES;
				ONLY_ACTIVE_ARCH = YES;
				SDKROOT = iphoneos;
				SWIFT_ACTIVE_COMPILATION_CONDITIONS = DEBUG;
				SWIFT_OPTIMIZATION_LEVEL = "-Onone";
			};
			name = Debug;
		};
		B5AAF0BD24183EBB0034645A /* Release */ = {
			isa = XCBuildConfiguration;
			buildSettings = {
				ALWAYS_SEARCH_USER_PATHS = NO;
				CLANG_ANALYZER_NONNULL = YES;
				CLANG_ANALYZER_NUMBER_OBJECT_CONVERSION = YES_AGGRESSIVE;
				CLANG_CXX_LANGUAGE_STANDARD = "gnu++14";
				CLANG_CXX_LIBRARY = "libc++";
				CLANG_ENABLE_MODULES = YES;
				CLANG_ENABLE_OBJC_ARC = YES;
				CLANG_ENABLE_OBJC_WEAK = YES;
				CLANG_WARN_BLOCK_CAPTURE_AUTORELEASING = YES;
				CLANG_WARN_BOOL_CONVERSION = YES;
				CLANG_WARN_COMMA = YES;
				CLANG_WARN_CONSTANT_CONVERSION = YES;
				CLANG_WARN_DEPRECATED_OBJC_IMPLEMENTATIONS = YES;
				CLANG_WARN_DIRECT_OBJC_ISA_USAGE = YES_ERROR;
				CLANG_WARN_DOCUMENTATION_COMMENTS = YES;
				CLANG_WARN_EMPTY_BODY = YES;
				CLANG_WARN_ENUM_CONVERSION = YES;
				CLANG_WARN_INFINITE_RECURSION = YES;
				CLANG_WARN_INT_CONVERSION = YES;
				CLANG_WARN_NON_LITERAL_NULL_CONVERSION = YES;
				CLANG_WARN_OBJC_IMPLICIT_RETAIN_SELF = YES;
				CLANG_WARN_OBJC_LITERAL_CONVERSION = YES;
				CLANG_WARN_OBJC_ROOT_CLASS = YES_ERROR;
				CLANG_WARN_RANGE_LOOP_ANALYSIS = YES;
				CLANG_WARN_STRICT_PROTOTYPES = YES;
				CLANG_WARN_SUSPICIOUS_MOVE = YES;
				CLANG_WARN_UNGUARDED_AVAILABILITY = YES_AGGRESSIVE;
				CLANG_WARN_UNREACHABLE_CODE = YES;
				CLANG_WARN__DUPLICATE_METHOD_MATCH = YES;
				COPY_PHASE_STRIP = NO;
				DEBUG_INFORMATION_FORMAT = "dwarf-with-dsym";
				ENABLE_NS_ASSERTIONS = NO;
				ENABLE_STRICT_OBJC_MSGSEND = YES;
				GCC_C_LANGUAGE_STANDARD = gnu11;
				GCC_NO_COMMON_BLOCKS = YES;
				GCC_WARN_64_TO_32_BIT_CONVERSION = YES;
				GCC_WARN_ABOUT_RETURN_TYPE = YES_ERROR;
				GCC_WARN_UNDECLARED_SELECTOR = YES;
				GCC_WARN_UNINITIALIZED_AUTOS = YES_AGGRESSIVE;
				GCC_WARN_UNUSED_FUNCTION = YES;
				GCC_WARN_UNUSED_VARIABLE = YES;
				IPHONEOS_DEPLOYMENT_TARGET = 13.1;
				MTL_ENABLE_DEBUG_INFO = NO;
				MTL_FAST_MATH = YES;
				SDKROOT = iphoneos;
				SWIFT_COMPILATION_MODE = wholemodule;
				SWIFT_OPTIMIZATION_LEVEL = "-O";
				VALIDATE_PRODUCT = YES;
			};
			name = Release;
		};
		B5AAF0BF24183EBB0034645A /* Debug */ = {
			isa = XCBuildConfiguration;
			baseConfigurationReference = 55C8CE30AD97941AA29D747A /* Pods-Westpac.debug.xcconfig */;
			buildSettings = {
				ASSETCATALOG_COMPILER_APPICON_NAME = AppIcon;
				CODE_SIGN_STYLE = Automatic;
				INFOPLIST_FILE = Westpac/Info.plist;
				LD_RUNPATH_SEARCH_PATHS = (
					"$(inherited)",
					"@executable_path/Frameworks",
				);
				PRODUCT_BUNDLE_IDENTIFIER = com.jaysalvador.Westpac;
				PRODUCT_NAME = "$(TARGET_NAME)";
				SWIFT_VERSION = 5.0;
				TARGETED_DEVICE_FAMILY = "1,2";
			};
			name = Debug;
		};
		B5AAF0C024183EBB0034645A /* Release */ = {
			isa = XCBuildConfiguration;
			baseConfigurationReference = CF991A5B580BCEB71315D295 /* Pods-Westpac.release.xcconfig */;
			buildSettings = {
				ASSETCATALOG_COMPILER_APPICON_NAME = AppIcon;
				CODE_SIGN_STYLE = Automatic;
				INFOPLIST_FILE = Westpac/Info.plist;
				LD_RUNPATH_SEARCH_PATHS = (
					"$(inherited)",
					"@executable_path/Frameworks",
				);
				PRODUCT_BUNDLE_IDENTIFIER = com.jaysalvador.Westpac;
				PRODUCT_NAME = "$(TARGET_NAME)";
				SWIFT_VERSION = 5.0;
				TARGETED_DEVICE_FAMILY = "1,2";
			};
			name = Release;
		};
		B5AAF0C224183EBB0034645A /* Debug */ = {
			isa = XCBuildConfiguration;
			baseConfigurationReference = 024132E2AC29B3CF409E6581 /* Pods-WestpacTests.debug.xcconfig */;
			buildSettings = {
				ALWAYS_EMBED_SWIFT_STANDARD_LIBRARIES = YES;
				BUNDLE_LOADER = "$(TEST_HOST)";
				CODE_SIGN_STYLE = Automatic;
				INFOPLIST_FILE = WestpacTests/Info.plist;
				IPHONEOS_DEPLOYMENT_TARGET = 13.1;
				LD_RUNPATH_SEARCH_PATHS = (
					"$(inherited)",
					"@executable_path/Frameworks",
					"@loader_path/Frameworks",
				);
				PRODUCT_BUNDLE_IDENTIFIER = com.jaysalvador.WestpacTests;
				PRODUCT_NAME = "$(TARGET_NAME)";
				SWIFT_VERSION = 5.0;
				TARGETED_DEVICE_FAMILY = "1,2";
				TEST_HOST = "$(BUILT_PRODUCTS_DIR)/Westpac.app/Westpac";
			};
			name = Debug;
		};
		B5AAF0C324183EBB0034645A /* Release */ = {
			isa = XCBuildConfiguration;
			baseConfigurationReference = A3A168D09E415700588052EB /* Pods-WestpacTests.release.xcconfig */;
			buildSettings = {
				ALWAYS_EMBED_SWIFT_STANDARD_LIBRARIES = YES;
				BUNDLE_LOADER = "$(TEST_HOST)";
				CODE_SIGN_STYLE = Automatic;
				INFOPLIST_FILE = WestpacTests/Info.plist;
				IPHONEOS_DEPLOYMENT_TARGET = 13.1;
				LD_RUNPATH_SEARCH_PATHS = (
					"$(inherited)",
					"@executable_path/Frameworks",
					"@loader_path/Frameworks",
				);
				PRODUCT_BUNDLE_IDENTIFIER = com.jaysalvador.WestpacTests;
				PRODUCT_NAME = "$(TARGET_NAME)";
				SWIFT_VERSION = 5.0;
				TARGETED_DEVICE_FAMILY = "1,2";
				TEST_HOST = "$(BUILT_PRODUCTS_DIR)/Westpac.app/Westpac";
			};
			name = Release;
		};
		B5AAF0C524183EBB0034645A /* Debug */ = {
			isa = XCBuildConfiguration;
			baseConfigurationReference = 5BE75B58ED2C5797751AE40F /* Pods-Westpac-WestpacUITests.debug.xcconfig */;
			buildSettings = {
				ALWAYS_EMBED_SWIFT_STANDARD_LIBRARIES = YES;
				CODE_SIGN_STYLE = Automatic;
				INFOPLIST_FILE = WestpacUITests/Info.plist;
				LD_RUNPATH_SEARCH_PATHS = (
					"$(inherited)",
					"@executable_path/Frameworks",
					"@loader_path/Frameworks",
				);
				PRODUCT_BUNDLE_IDENTIFIER = com.jaysalvador.WestpacUITests;
				PRODUCT_NAME = "$(TARGET_NAME)";
				SWIFT_VERSION = 5.0;
				TARGETED_DEVICE_FAMILY = "1,2";
				TEST_TARGET_NAME = Westpac;
			};
			name = Debug;
		};
		B5AAF0C624183EBB0034645A /* Release */ = {
			isa = XCBuildConfiguration;
			baseConfigurationReference = 5D3831AB075AE76A1EE0CFAE /* Pods-Westpac-WestpacUITests.release.xcconfig */;
			buildSettings = {
				ALWAYS_EMBED_SWIFT_STANDARD_LIBRARIES = YES;
				CODE_SIGN_STYLE = Automatic;
				INFOPLIST_FILE = WestpacUITests/Info.plist;
				LD_RUNPATH_SEARCH_PATHS = (
					"$(inherited)",
					"@executable_path/Frameworks",
					"@loader_path/Frameworks",
				);
				PRODUCT_BUNDLE_IDENTIFIER = com.jaysalvador.WestpacUITests;
				PRODUCT_NAME = "$(TARGET_NAME)";
				SWIFT_VERSION = 5.0;
				TARGETED_DEVICE_FAMILY = "1,2";
				TEST_TARGET_NAME = Westpac;
			};
			name = Release;
		};
		B5AAF115241855C40034645A /* Debug */ = {
			isa = XCBuildConfiguration;
			baseConfigurationReference = A223212F0A5E1CB3D7A5D9EB /* Pods-Currency.debug.xcconfig */;
			buildSettings = {
				CODE_SIGN_STYLE = Automatic;
				OTHER_LDFLAGS = "-ObjC";
				PRODUCT_NAME = "$(TARGET_NAME)";
				SKIP_INSTALL = YES;
				SWIFT_VERSION = 5.0;
				TARGETED_DEVICE_FAMILY = "1,2";
			};
			name = Debug;
		};
		B5AAF116241855C40034645A /* Release */ = {
			isa = XCBuildConfiguration;
			baseConfigurationReference = A88ED1698BE4FA6F729708EF /* Pods-Currency.release.xcconfig */;
			buildSettings = {
				CODE_SIGN_STYLE = Automatic;
				OTHER_LDFLAGS = "-ObjC";
				PRODUCT_NAME = "$(TARGET_NAME)";
				SKIP_INSTALL = YES;
				SWIFT_VERSION = 5.0;
				TARGETED_DEVICE_FAMILY = "1,2";
			};
			name = Release;
		};
/* End XCBuildConfiguration section */

/* Begin XCConfigurationList section */
		B5AAF08F24183EBA0034645A /* Build configuration list for PBXProject "Westpac" */ = {
			isa = XCConfigurationList;
			buildConfigurations = (
				B5AAF0BC24183EBB0034645A /* Debug */,
				B5AAF0BD24183EBB0034645A /* Release */,
			);
			defaultConfigurationIsVisible = 0;
			defaultConfigurationName = Release;
		};
		B5AAF0BE24183EBB0034645A /* Build configuration list for PBXNativeTarget "Westpac" */ = {
			isa = XCConfigurationList;
			buildConfigurations = (
				B5AAF0BF24183EBB0034645A /* Debug */,
				B5AAF0C024183EBB0034645A /* Release */,
			);
			defaultConfigurationIsVisible = 0;
			defaultConfigurationName = Release;
		};
		B5AAF0C124183EBB0034645A /* Build configuration list for PBXNativeTarget "WestpacTests" */ = {
			isa = XCConfigurationList;
			buildConfigurations = (
				B5AAF0C224183EBB0034645A /* Debug */,
				B5AAF0C324183EBB0034645A /* Release */,
			);
			defaultConfigurationIsVisible = 0;
			defaultConfigurationName = Release;
		};
		B5AAF0C424183EBB0034645A /* Build configuration list for PBXNativeTarget "WestpacUITests" */ = {
			isa = XCConfigurationList;
			buildConfigurations = (
				B5AAF0C524183EBB0034645A /* Debug */,
				B5AAF0C624183EBB0034645A /* Release */,
			);
			defaultConfigurationIsVisible = 0;
			defaultConfigurationName = Release;
		};
		B5AAF114241855C40034645A /* Build configuration list for PBXNativeTarget "Currency" */ = {
			isa = XCConfigurationList;
			buildConfigurations = (
				B5AAF115241855C40034645A /* Debug */,
				B5AAF116241855C40034645A /* Release */,
			);
			defaultConfigurationIsVisible = 0;
			defaultConfigurationName = Release;
		};
/* End XCConfigurationList section */
	};
	rootObject = B5AAF08C24183EBA0034645A /* Project object */;
}
